
Microsoft Visual Studio Solution File, Format Version 12.00
# Visual Studio Version 17
VisualStudioVersion = 17.8.34511.84
MinimumVisualStudioVersion = 10.0.40219.1
Project("{FAE04EC0-301F-11D3-BF4B-00C04F79EFBC}") = "KnjizaraBackend", "KnjizaraBackend\KnjizaraBackend.csproj", "{59633306-9AB4-45CC-867F-C52FB0611166}"
EndProject
Global
	GlobalSection(SolutionConfigurationPlatforms) = preSolution
		Debug|Any CPU = Debug|Any CPU
		Release|Any CPU = Release|Any CPU
	EndGlobalSection
	GlobalSection(ProjectConfigurationPlatforms) = postSolution
		{59633306-9AB4-45CC-867F-C52FB0611166}.Debug|Any CPU.ActiveCfg = Debug|Any CPU
		{59633306-9AB4-45CC-867F-C52FB0611166}.Debug|Any CPU.Build.0 = Debug|Any CPU
		{59633306-9AB4-45CC-867F-C52FB0611166}.Release|Any CPU.ActiveCfg = Release|Any CPU
		{59633306-9AB4-45CC-867F-C52FB0611166}.Release|Any CPU.Build.0 = Release|Any CPU
	EndGlobalSection
	GlobalSection(SolutionProperties) = preSolution
		HideSolutionNode = FALSE
	EndGlobalSection
	GlobalSection(ExtensibilityGlobals) = postSolution
		SolutionGuid = {D7A53E82-7709-4296-8EB5-B5704B19343C}
	EndGlobalSection
EndGlobal
